
Microsoft Visual Studio Solution File, Format Version 12.00
# Visual Studio Version 17
VisualStudioVersion = 17.13.35919.96 d17.13
MinimumVisualStudioVersion = 10.0.40219.1
Project("{FAE04EC0-301F-11D3-BF4B-00C04F79EFBC}") = "InClass 2025-04-08", "InClass 2025-04-08\InClass 2025-04-08.csproj", "{52713921-50DC-4099-87E1-1B2BBABE4707}"
EndProject
Global
	GlobalSection(SolutionConfigurationPlatforms) = preSolution
		Debug|Any CPU = Debug|Any CPU
		Release|Any CPU = Release|Any CPU
	EndGlobalSection
	GlobalSection(ProjectConfigurationPlatforms) = postSolution
		{52713921-50DC-4099-87E1-1B2BBABE4707}.Debug|Any CPU.ActiveCfg = Debug|Any CPU
		{52713921-50DC-4099-87E1-1B2BBABE4707}.Debug|Any CPU.Build.0 = Debug|Any CPU
		{52713921-50DC-4099-87E1-1B2BBABE4707}.Release|Any CPU.ActiveCfg = Release|Any CPU
		{52713921-50DC-4099-87E1-1B2BBABE4707}.Release|Any CPU.Build.0 = Release|Any CPU
	EndGlobalSection
	GlobalSection(SolutionProperties) = preSolution
		HideSolutionNode = FALSE
	EndGlobalSection
	GlobalSection(ExtensibilityGlobals) = postSolution
		SolutionGuid = {CE729380-5A90-4671-B2AA-2F542DA61701}
	EndGlobalSection
EndGlobal
